
Microsoft Visual Studio Solution File, Format Version 12.00
# Visual Studio Version 16
VisualStudioVersion = 16.0.32929.386
MinimumVisualStudioVersion = 10.0.40219.1
Project("{FAE04EC0-301F-11D3-BF4B-00C04F79EFBC}") = "RebarPlacement", "RebarPlacement.csproj", "{B9124BDB-6DDA-476E-B89F-A6760AF78AD4}"
EndProject
Global
	GlobalSection(SolutionConfigurationPlatforms) = preSolution
		Debug|Any CPU = Debug|Any CPU
		Release|Any CPU = Release|Any CPU
	EndGlobalSection
	GlobalSection(ProjectConfigurationPlatforms) = postSolution
		{B9124BDB-6DDA-476E-B89F-A6760AF78AD4}.Debug|Any CPU.ActiveCfg = Debug|Any CPU
		{B9124BDB-6DDA-476E-B89F-A6760AF78AD4}.Debug|Any CPU.Build.0 = Debug|Any CPU
		{B9124BDB-6DDA-476E-B89F-A6760AF78AD4}.Release|Any CPU.ActiveCfg = Release|Any CPU
		{B9124BDB-6DDA-476E-B89F-A6760AF78AD4}.Release|Any CPU.Build.0 = Release|Any CPU
	EndGlobalSection
	GlobalSection(SolutionProperties) = preSolution
		HideSolutionNode = FALSE
	EndGlobalSection
	GlobalSection(ExtensibilityGlobals) = postSolution
		SolutionGuid = {CDA63BE4-A525-4B1E-B13A-27ACC50AB123}
	EndGlobalSection
EndGlobal
